{
  "pins" : [
    {
      "identity" : "wwdetectdevice",
      "kind" : "remoteSourceControl",
      "location" : "https://github.com/William-Weng/WWDetectDevice",
      "state" : {
        "revision" : "73fa204756abd964ec39532f795031c4e6b9213b",
        "version" : "1.2.4"
      }
    }
  ],
  "version" : 2
}
