{
  "originHash" : "588fdfd2ce5367c71d0e563295a9030eca801b32502e57dfdae0c39430b41c04",
  "pins" : [
    {
      "identity" : "wwdetectdevice",
      "kind" : "remoteSourceControl",
      "location" : "https://github.com/William-Weng/WWDetectDevice",
      "state" : {
        "revision" : "6b72f59fd40d81172219b87c158efa115d93029a",
        "version" : "1.3.3"
      }
    }
  ],
  "version" : 3
}
